
Microsoft Visual Studio Solution File, Format Version 12.00
# Visual Studio Version 16
VisualStudioVersion = 16.0.29509.3
MinimumVisualStudioVersion = 10.0.40219.1
Project("{FAE04EC0-301F-11D3-BF4B-00C04F79EFBC}") = "SimpleDocker.Api", "SimpleDocker.Api\SimpleDocker.Api.csproj", "{60499025-A05B-48A4-ADF2-5DD89A4EE89B}"
EndProject
Project("{FAE04EC0-301F-11D3-BF4B-00C04F79EFBC}") = "SimpleDocker.Web", "SimpleDocker.Web\SimpleDocker.Web.csproj", "{798A28B2-1980-4596-B3B3-29A4DBF634A2}"
EndProject
Project("{2150E333-8FDC-42A3-9474-1A3956D46DE8}") = "Solution Items", "Solution Items", "{F537A61B-C9F2-4F57-9215-0ED4D3AAF199}"
	ProjectSection(SolutionItems) = preProject
		README.md = README.md
	EndProjectSection
EndProject
Global
	GlobalSection(SolutionConfigurationPlatforms) = preSolution
		Debug|Any CPU = Debug|Any CPU
		Release|Any CPU = Release|Any CPU
	EndGlobalSection
	GlobalSection(ProjectConfigurationPlatforms) = postSolution
		{60499025-A05B-48A4-ADF2-5DD89A4EE89B}.Debug|Any CPU.ActiveCfg = Debug|Any CPU
		{60499025-A05B-48A4-ADF2-5DD89A4EE89B}.Debug|Any CPU.Build.0 = Debug|Any CPU
		{60499025-A05B-48A4-ADF2-5DD89A4EE89B}.Release|Any CPU.ActiveCfg = Release|Any CPU
		{60499025-A05B-48A4-ADF2-5DD89A4EE89B}.Release|Any CPU.Build.0 = Release|Any CPU
		{798A28B2-1980-4596-B3B3-29A4DBF634A2}.Debug|Any CPU.ActiveCfg = Debug|Any CPU
		{798A28B2-1980-4596-B3B3-29A4DBF634A2}.Debug|Any CPU.Build.0 = Debug|Any CPU
		{798A28B2-1980-4596-B3B3-29A4DBF634A2}.Release|Any CPU.ActiveCfg = Release|Any CPU
		{798A28B2-1980-4596-B3B3-29A4DBF634A2}.Release|Any CPU.Build.0 = Release|Any CPU
	EndGlobalSection
	GlobalSection(SolutionProperties) = preSolution
		HideSolutionNode = FALSE
	EndGlobalSection
	GlobalSection(ExtensibilityGlobals) = postSolution
		SolutionGuid = {7D1F62F9-F19C-4A02-9705-66261B0D2E64}
	EndGlobalSection
EndGlobal
